
Microsoft Visual Studio Solution File, Format Version 12.00
# Visual Studio Version 16
VisualStudioVersion = 16.0.30611.23
MinimumVisualStudioVersion = 10.0.40219.1
Project("{FAE04EC0-301F-11D3-BF4B-00C04F79EFBC}") = "laba4", "laba4\laba4.csproj", "{34DE5269-B3FA-41EE-A270-693DF4121271}"
EndProject
Project("{FAE04EC0-301F-11D3-BF4B-00C04F79EFBC}") = "SumForm", "SumForm\SumForm.csproj", "{AC2D40F1-5362-4E59-AF5A-F07619B78E49}"
	ProjectSection(ProjectDependencies) = postProject
		{34DE5269-B3FA-41EE-A270-693DF4121271} = {34DE5269-B3FA-41EE-A270-693DF4121271}
	EndProjectSection
EndProject
Project("{FAE04EC0-301F-11D3-BF4B-00C04F79EFBC}") = "ProxyForm", "ProxyForm\ProxyForm.csproj", "{717510E8-2399-474F-9A2F-80FFE6618ECD}"
	ProjectSection(ProjectDependencies) = postProject
		{34DE5269-B3FA-41EE-A270-693DF4121271} = {34DE5269-B3FA-41EE-A270-693DF4121271}
	EndProjectSection
EndProject
Project("{FAE04EC0-301F-11D3-BF4B-00C04F79EFBC}") = "Lab_4_WebForm", "Lab_4_WebForm\Lab_4_WebForm.csproj", "{5F245C00-F84F-430B-842A-108BFB71DAF7}"
EndProject
Global
	GlobalSection(SolutionConfigurationPlatforms) = preSolution
		Debug|Any CPU = Debug|Any CPU
		Release|Any CPU = Release|Any CPU
	EndGlobalSection
	GlobalSection(ProjectConfigurationPlatforms) = postSolution
		{34DE5269-B3FA-41EE-A270-693DF4121271}.Debug|Any CPU.ActiveCfg = Debug|Any CPU
		{34DE5269-B3FA-41EE-A270-693DF4121271}.Debug|Any CPU.Build.0 = Debug|Any CPU
		{34DE5269-B3FA-41EE-A270-693DF4121271}.Release|Any CPU.ActiveCfg = Release|Any CPU
		{34DE5269-B3FA-41EE-A270-693DF4121271}.Release|Any CPU.Build.0 = Release|Any CPU
		{AC2D40F1-5362-4E59-AF5A-F07619B78E49}.Debug|Any CPU.ActiveCfg = Debug|Any CPU
		{AC2D40F1-5362-4E59-AF5A-F07619B78E49}.Debug|Any CPU.Build.0 = Debug|Any CPU
		{AC2D40F1-5362-4E59-AF5A-F07619B78E49}.Release|Any CPU.ActiveCfg = Release|Any CPU
		{AC2D40F1-5362-4E59-AF5A-F07619B78E49}.Release|Any CPU.Build.0 = Release|Any CPU
		{717510E8-2399-474F-9A2F-80FFE6618ECD}.Debug|Any CPU.ActiveCfg = Debug|Any CPU
		{717510E8-2399-474F-9A2F-80FFE6618ECD}.Debug|Any CPU.Build.0 = Debug|Any CPU
		{717510E8-2399-474F-9A2F-80FFE6618ECD}.Release|Any CPU.ActiveCfg = Release|Any CPU
		{717510E8-2399-474F-9A2F-80FFE6618ECD}.Release|Any CPU.Build.0 = Release|Any CPU
		{5F245C00-F84F-430B-842A-108BFB71DAF7}.Debug|Any CPU.ActiveCfg = Debug|Any CPU
		{5F245C00-F84F-430B-842A-108BFB71DAF7}.Debug|Any CPU.Build.0 = Debug|Any CPU
		{5F245C00-F84F-430B-842A-108BFB71DAF7}.Release|Any CPU.ActiveCfg = Release|Any CPU
		{5F245C00-F84F-430B-842A-108BFB71DAF7}.Release|Any CPU.Build.0 = Release|Any CPU
	EndGlobalSection
	GlobalSection(SolutionProperties) = preSolution
		HideSolutionNode = FALSE
	EndGlobalSection
	GlobalSection(ExtensibilityGlobals) = postSolution
		SolutionGuid = {A800CB85-84CF-4650-903E-78D75053506F}
	EndGlobalSection
EndGlobal
