
Microsoft Visual Studio Solution File, Format Version 12.00
# Visual Studio Version 16
VisualStudioVersion = 16.0.30204.135
MinimumVisualStudioVersion = 10.0.40219.1
Project("{FAE04EC0-301F-11D3-BF4B-00C04F79EFBC}") = "laba3", "laba3\laba3.csproj", "{7765ED61-211F-4015-AE9B-B5300F628C85}"
EndProject
Global
	GlobalSection(SolutionConfigurationPlatforms) = preSolution
		Debug|Any CPU = Debug|Any CPU
		Release|Any CPU = Release|Any CPU
	EndGlobalSection
	GlobalSection(ProjectConfigurationPlatforms) = postSolution
		{7765ED61-211F-4015-AE9B-B5300F628C85}.Debug|Any CPU.ActiveCfg = Debug|Any CPU
		{7765ED61-211F-4015-AE9B-B5300F628C85}.Debug|Any CPU.Build.0 = Debug|Any CPU
		{7765ED61-211F-4015-AE9B-B5300F628C85}.Release|Any CPU.ActiveCfg = Release|Any CPU
		{7765ED61-211F-4015-AE9B-B5300F628C85}.Release|Any CPU.Build.0 = Release|Any CPU
	EndGlobalSection
	GlobalSection(SolutionProperties) = preSolution
		HideSolutionNode = FALSE
	EndGlobalSection
	GlobalSection(ExtensibilityGlobals) = postSolution
		SolutionGuid = {7AD112CB-6393-41D5-9F51-BE397C692828}
	EndGlobalSection
EndGlobal
