
Microsoft Visual Studio Solution File, Format Version 12.00
# Visual Studio Version 16
VisualStudioVersion = 16.0.30611.23
MinimumVisualStudioVersion = 10.0.40219.1
Project("{FAE04EC0-301F-11D3-BF4B-00C04F79EFBC}") = "laba8", "laba8\laba8.csproj", "{336C4179-0D86-47EC-85FF-E8C9D7A700D7}"
EndProject
Global
	GlobalSection(SolutionConfigurationPlatforms) = preSolution
		Debug|Any CPU = Debug|Any CPU
		Release|Any CPU = Release|Any CPU
	EndGlobalSection
	GlobalSection(ProjectConfigurationPlatforms) = postSolution
		{336C4179-0D86-47EC-85FF-E8C9D7A700D7}.Debug|Any CPU.ActiveCfg = Debug|Any CPU
		{336C4179-0D86-47EC-85FF-E8C9D7A700D7}.Debug|Any CPU.Build.0 = Debug|Any CPU
		{336C4179-0D86-47EC-85FF-E8C9D7A700D7}.Release|Any CPU.ActiveCfg = Release|Any CPU
		{336C4179-0D86-47EC-85FF-E8C9D7A700D7}.Release|Any CPU.Build.0 = Release|Any CPU
	EndGlobalSection
	GlobalSection(SolutionProperties) = preSolution
		HideSolutionNode = FALSE
	EndGlobalSection
	GlobalSection(ExtensibilityGlobals) = postSolution
		SolutionGuid = {955B77C3-6767-499F-9D76-8D6EBB895949}
	EndGlobalSection
EndGlobal
