
Microsoft Visual Studio Solution File, Format Version 12.00
# Visual Studio Version 16
VisualStudioVersion = 16.0.29911.84
MinimumVisualStudioVersion = 10.0.40219.1
Project("{FAE04EC0-301F-11D3-BF4B-00C04F79EFBC}") = "lab6", "lab6\lab6.csproj", "{63CE32B6-A6C2-4D0F-ACBC-31D101C65B10}"
EndProject
Project("{FAE04EC0-301F-11D3-BF4B-00C04F79EFBC}") = "Client", "Client\Client.csproj", "{DA931C5A-D519-444D-8614-29F36FAF6214}"
EndProject
Project("{FAE04EC0-301F-11D3-BF4B-00C04F79EFBC}") = "SyndicationServiceLibrary1", "SyndicationServiceLibrary1\SyndicationServiceLibrary1.csproj", "{C93CBF9E-2409-4195-9B5D-58F27DFA7A9E}"
EndProject
Project("{FAE04EC0-301F-11D3-BF4B-00C04F79EFBC}") = "ConsoleApp1", "ConsoleApp1\ConsoleApp1.csproj", "{8C826C3E-109F-41E1-8CEF-1A92E52623F0}"
EndProject
Global
	GlobalSection(SolutionConfigurationPlatforms) = preSolution
		Debug|Any CPU = Debug|Any CPU
		Release|Any CPU = Release|Any CPU
	EndGlobalSection
	GlobalSection(ProjectConfigurationPlatforms) = postSolution
		{63CE32B6-A6C2-4D0F-ACBC-31D101C65B10}.Debug|Any CPU.ActiveCfg = Debug|Any CPU
		{63CE32B6-A6C2-4D0F-ACBC-31D101C65B10}.Debug|Any CPU.Build.0 = Debug|Any CPU
		{63CE32B6-A6C2-4D0F-ACBC-31D101C65B10}.Release|Any CPU.ActiveCfg = Release|Any CPU
		{63CE32B6-A6C2-4D0F-ACBC-31D101C65B10}.Release|Any CPU.Build.0 = Release|Any CPU
		{DA931C5A-D519-444D-8614-29F36FAF6214}.Debug|Any CPU.ActiveCfg = Debug|Any CPU
		{DA931C5A-D519-444D-8614-29F36FAF6214}.Debug|Any CPU.Build.0 = Debug|Any CPU
		{DA931C5A-D519-444D-8614-29F36FAF6214}.Release|Any CPU.ActiveCfg = Release|Any CPU
		{DA931C5A-D519-444D-8614-29F36FAF6214}.Release|Any CPU.Build.0 = Release|Any CPU
		{C93CBF9E-2409-4195-9B5D-58F27DFA7A9E}.Debug|Any CPU.ActiveCfg = Debug|Any CPU
		{C93CBF9E-2409-4195-9B5D-58F27DFA7A9E}.Debug|Any CPU.Build.0 = Debug|Any CPU
		{C93CBF9E-2409-4195-9B5D-58F27DFA7A9E}.Release|Any CPU.ActiveCfg = Release|Any CPU
		{C93CBF9E-2409-4195-9B5D-58F27DFA7A9E}.Release|Any CPU.Build.0 = Release|Any CPU
		{8C826C3E-109F-41E1-8CEF-1A92E52623F0}.Debug|Any CPU.ActiveCfg = Debug|Any CPU
		{8C826C3E-109F-41E1-8CEF-1A92E52623F0}.Debug|Any CPU.Build.0 = Debug|Any CPU
		{8C826C3E-109F-41E1-8CEF-1A92E52623F0}.Release|Any CPU.ActiveCfg = Release|Any CPU
		{8C826C3E-109F-41E1-8CEF-1A92E52623F0}.Release|Any CPU.Build.0 = Release|Any CPU
	EndGlobalSection
	GlobalSection(SolutionProperties) = preSolution
		HideSolutionNode = FALSE
	EndGlobalSection
	GlobalSection(ExtensibilityGlobals) = postSolution
		SolutionGuid = {0A739637-1E30-4A04-8D77-7D80A628126A}
	EndGlobalSection
EndGlobal
